
Microsoft Visual Studio Solution File, Format Version 12.00
# Visual Studio Version 16
VisualStudioVersion = 16.0.29324.140
MinimumVisualStudioVersion = 10.0.40219.1
Project("{FAE04EC0-301F-11D3-BF4B-00C04F79EFBC}") = "Problem_1", "Problem_1\Problem_1.csproj", "{31C074FA-2C1A-4C47-8C2E-BEB4065DF7D7}"
EndProject
Project("{FAE04EC0-301F-11D3-BF4B-00C04F79EFBC}") = "Problem_2", "Problem_2\Problem_2.csproj", "{4FD3BD9B-8C5B-4D13-B69B-298877251067}"
EndProject
Project("{FAE04EC0-301F-11D3-BF4B-00C04F79EFBC}") = "Problem_3", "Problem_3\Problem_3.csproj", "{02FACC87-9792-45C6-8989-315332F58773}"
EndProject
Project("{FAE04EC0-301F-11D3-BF4B-00C04F79EFBC}") = "Problem_4", "Problem_4\Problem_4.csproj", "{383E65AC-B52D-4642-9D9D-FFBE04000139}"
EndProject
Project("{FAE04EC0-301F-11D3-BF4B-00C04F79EFBC}") = "Problem_5", "Problem_5\Problem_5.csproj", "{E9A90756-426E-456F-AC22-9F39740E49F2}"
EndProject
Project("{FAE04EC0-301F-11D3-BF4B-00C04F79EFBC}") = "Problem_6", "Problem_6\Problem_6.csproj", "{97DFB121-3992-49B0-8AD9-179449347777}"
EndProject
Project("{FAE04EC0-301F-11D3-BF4B-00C04F79EFBC}") = "Problem_7", "Problem_7\Problem_7.csproj", "{AB1A916B-C524-405D-AC52-E8764D1F46CA}"
EndProject
Project("{FAE04EC0-301F-11D3-BF4B-00C04F79EFBC}") = "Problem_8", "Problem_8\Problem_8.csproj", "{A432D896-8DB3-4270-929D-71A261BA6AA3}"
EndProject
Project("{FAE04EC0-301F-11D3-BF4B-00C04F79EFBC}") = "Problem_9", "Problem_9\Problem_9.csproj", "{DC117770-5E29-4ADF-BB7A-AF4602B73CF7}"
EndProject
Project("{FAE04EC0-301F-11D3-BF4B-00C04F79EFBC}") = "Problem_10", "Problem_10\Problem_10.csproj", "{C5431D16-F2B1-4615-86D6-216968DE6BAC}"
EndProject
Global
	GlobalSection(SolutionConfigurationPlatforms) = preSolution
		Debug|Any CPU = Debug|Any CPU
		Release|Any CPU = Release|Any CPU
	EndGlobalSection
	GlobalSection(ProjectConfigurationPlatforms) = postSolution
		{31C074FA-2C1A-4C47-8C2E-BEB4065DF7D7}.Debug|Any CPU.ActiveCfg = Debug|Any CPU
		{31C074FA-2C1A-4C47-8C2E-BEB4065DF7D7}.Debug|Any CPU.Build.0 = Debug|Any CPU
		{31C074FA-2C1A-4C47-8C2E-BEB4065DF7D7}.Release|Any CPU.ActiveCfg = Release|Any CPU
		{31C074FA-2C1A-4C47-8C2E-BEB4065DF7D7}.Release|Any CPU.Build.0 = Release|Any CPU
		{4FD3BD9B-8C5B-4D13-B69B-298877251067}.Debug|Any CPU.ActiveCfg = Debug|Any CPU
		{4FD3BD9B-8C5B-4D13-B69B-298877251067}.Debug|Any CPU.Build.0 = Debug|Any CPU
		{4FD3BD9B-8C5B-4D13-B69B-298877251067}.Release|Any CPU.ActiveCfg = Release|Any CPU
		{4FD3BD9B-8C5B-4D13-B69B-298877251067}.Release|Any CPU.Build.0 = Release|Any CPU
		{02FACC87-9792-45C6-8989-315332F58773}.Debug|Any CPU.ActiveCfg = Debug|Any CPU
		{02FACC87-9792-45C6-8989-315332F58773}.Debug|Any CPU.Build.0 = Debug|Any CPU
		{02FACC87-9792-45C6-8989-315332F58773}.Release|Any CPU.ActiveCfg = Release|Any CPU
		{02FACC87-9792-45C6-8989-315332F58773}.Release|Any CPU.Build.0 = Release|Any CPU
		{383E65AC-B52D-4642-9D9D-FFBE04000139}.Debug|Any CPU.ActiveCfg = Debug|Any CPU
		{383E65AC-B52D-4642-9D9D-FFBE04000139}.Debug|Any CPU.Build.0 = Debug|Any CPU
		{383E65AC-B52D-4642-9D9D-FFBE04000139}.Release|Any CPU.ActiveCfg = Release|Any CPU
		{383E65AC-B52D-4642-9D9D-FFBE04000139}.Release|Any CPU.Build.0 = Release|Any CPU
		{E9A90756-426E-456F-AC22-9F39740E49F2}.Debug|Any CPU.ActiveCfg = Debug|Any CPU
		{E9A90756-426E-456F-AC22-9F39740E49F2}.Debug|Any CPU.Build.0 = Debug|Any CPU
		{E9A90756-426E-456F-AC22-9F39740E49F2}.Release|Any CPU.ActiveCfg = Release|Any CPU
		{E9A90756-426E-456F-AC22-9F39740E49F2}.Release|Any CPU.Build.0 = Release|Any CPU
		{97DFB121-3992-49B0-8AD9-179449347777}.Debug|Any CPU.ActiveCfg = Debug|Any CPU
		{97DFB121-3992-49B0-8AD9-179449347777}.Debug|Any CPU.Build.0 = Debug|Any CPU
		{97DFB121-3992-49B0-8AD9-179449347777}.Release|Any CPU.ActiveCfg = Release|Any CPU
		{97DFB121-3992-49B0-8AD9-179449347777}.Release|Any CPU.Build.0 = Release|Any CPU
		{AB1A916B-C524-405D-AC52-E8764D1F46CA}.Debug|Any CPU.ActiveCfg = Debug|Any CPU
		{AB1A916B-C524-405D-AC52-E8764D1F46CA}.Debug|Any CPU.Build.0 = Debug|Any CPU
		{AB1A916B-C524-405D-AC52-E8764D1F46CA}.Release|Any CPU.ActiveCfg = Release|Any CPU
		{AB1A916B-C524-405D-AC52-E8764D1F46CA}.Release|Any CPU.Build.0 = Release|Any CPU
		{A432D896-8DB3-4270-929D-71A261BA6AA3}.Debug|Any CPU.ActiveCfg = Debug|Any CPU
		{A432D896-8DB3-4270-929D-71A261BA6AA3}.Debug|Any CPU.Build.0 = Debug|Any CPU
		{A432D896-8DB3-4270-929D-71A261BA6AA3}.Release|Any CPU.ActiveCfg = Release|Any CPU
		{A432D896-8DB3-4270-929D-71A261BA6AA3}.Release|Any CPU.Build.0 = Release|Any CPU
		{DC117770-5E29-4ADF-BB7A-AF4602B73CF7}.Debug|Any CPU.ActiveCfg = Debug|Any CPU
		{DC117770-5E29-4ADF-BB7A-AF4602B73CF7}.Debug|Any CPU.Build.0 = Debug|Any CPU
		{DC117770-5E29-4ADF-BB7A-AF4602B73CF7}.Release|Any CPU.ActiveCfg = Release|Any CPU
		{DC117770-5E29-4ADF-BB7A-AF4602B73CF7}.Release|Any CPU.Build.0 = Release|Any CPU
		{C5431D16-F2B1-4615-86D6-216968DE6BAC}.Debug|Any CPU.ActiveCfg = Debug|Any CPU
		{C5431D16-F2B1-4615-86D6-216968DE6BAC}.Debug|Any CPU.Build.0 = Debug|Any CPU
		{C5431D16-F2B1-4615-86D6-216968DE6BAC}.Release|Any CPU.ActiveCfg = Release|Any CPU
		{C5431D16-F2B1-4615-86D6-216968DE6BAC}.Release|Any CPU.Build.0 = Release|Any CPU
	EndGlobalSection
	GlobalSection(SolutionProperties) = preSolution
		HideSolutionNode = FALSE
	EndGlobalSection
	GlobalSection(ExtensibilityGlobals) = postSolution
		SolutionGuid = {6027BB40-45C7-44B3-8AF3-0E193978E774}
	EndGlobalSection
EndGlobal
